
Microsoft Visual Studio Solution File, Format Version 12.00
# Visual Studio Version 17
VisualStudioVersion = 17.0.31717.71
MinimumVisualStudioVersion = 10.0.40219.1
Project("{2150E333-8FDC-42A3-9474-1A3956D46DE8}") = "Api", "Api", "{57F3BD29-F45E-442D-86B8-351E51C1ED0C}"
EndProject
Project("{2150E333-8FDC-42A3-9474-1A3956D46DE8}") = "Client", "Client", "{737B690C-EEF1-4610-AC1F-5787B7324D7D}"
EndProject
Project("{9A19103F-16F7-4668-BE54-9A1E7A4F7556}") = "Maui", "Client\Maui\Maui.csproj", "{7D01A897-F7A1-4C28-84B7-B0AD1BE91595}"
EndProject
Project("{9A19103F-16F7-4668-BE54-9A1E7A4F7556}") = "Api", "Api\Api\Api.csproj", "{E58AC814-3110-478C-BD1B-9D7FF60EAE82}"
EndProject
Project("{9A19103F-16F7-4668-BE54-9A1E7A4F7556}") = "Tests", "Api\Api.Tests\Tests.csproj", "{C3FDF253-C087-4663-8AE3-B43E1F050149}"
EndProject
Project("{9A19103F-16F7-4668-BE54-9A1E7A4F7556}") = "Storage", "Api\Database\Storage.csproj", "{37290DCA-78AA-4F38-BF40-E8124EF7B76E}"
EndProject
Project("{9A19103F-16F7-4668-BE54-9A1E7A4F7556}") = "ApplicationCore", "Api\ApplicationCore\ApplicationCore.csproj", "{DCD6472F-E39F-42C7-AE60-B9D9E2B386F3}"
EndProject
Project("{9A19103F-16F7-4668-BE54-9A1E7A4F7556}") = "ApiTests", "Api\ApiTests\ApiTests.csproj", "{D2225B9C-EABA-49A5-AAA4-3B72A8B1B92E}"
EndProject
Project("{2150E333-8FDC-42A3-9474-1A3956D46DE8}") = "Tests", "Tests", "{41DBA594-41D9-491C-AAA8-4C5DC2CB01F1}"
EndProject
Global
	GlobalSection(SolutionConfigurationPlatforms) = preSolution
		Debug|Any CPU = Debug|Any CPU
		Release Api|Any CPU = Release Api|Any CPU
		Release|Any CPU = Release|Any CPU
	EndGlobalSection
	GlobalSection(ProjectConfigurationPlatforms) = postSolution
		{7D01A897-F7A1-4C28-84B7-B0AD1BE91595}.Debug|Any CPU.ActiveCfg = Debug|Any CPU
		{7D01A897-F7A1-4C28-84B7-B0AD1BE91595}.Release Api|Any CPU.ActiveCfg = Release|Any CPU
		{7D01A897-F7A1-4C28-84B7-B0AD1BE91595}.Release|Any CPU.ActiveCfg = Release|Any CPU
		{7D01A897-F7A1-4C28-84B7-B0AD1BE91595}.Release|Any CPU.Build.0 = Release|Any CPU
		{E58AC814-3110-478C-BD1B-9D7FF60EAE82}.Debug|Any CPU.ActiveCfg = Debug|Any CPU
		{E58AC814-3110-478C-BD1B-9D7FF60EAE82}.Debug|Any CPU.Build.0 = Debug|Any CPU
		{E58AC814-3110-478C-BD1B-9D7FF60EAE82}.Release Api|Any CPU.ActiveCfg = Release|Any CPU
		{E58AC814-3110-478C-BD1B-9D7FF60EAE82}.Release Api|Any CPU.Build.0 = Release|Any CPU
		{E58AC814-3110-478C-BD1B-9D7FF60EAE82}.Release|Any CPU.ActiveCfg = Release|Any CPU
		{E58AC814-3110-478C-BD1B-9D7FF60EAE82}.Release|Any CPU.Build.0 = Release|Any CPU
		{C3FDF253-C087-4663-8AE3-B43E1F050149}.Debug|Any CPU.ActiveCfg = Debug|Any CPU
		{C3FDF253-C087-4663-8AE3-B43E1F050149}.Debug|Any CPU.Build.0 = Debug|Any CPU
		{C3FDF253-C087-4663-8AE3-B43E1F050149}.Release Api|Any CPU.ActiveCfg = Release|Any CPU
		{C3FDF253-C087-4663-8AE3-B43E1F050149}.Release Api|Any CPU.Build.0 = Release|Any CPU
		{C3FDF253-C087-4663-8AE3-B43E1F050149}.Release|Any CPU.ActiveCfg = Release|Any CPU
		{C3FDF253-C087-4663-8AE3-B43E1F050149}.Release|Any CPU.Build.0 = Release|Any CPU
		{37290DCA-78AA-4F38-BF40-E8124EF7B76E}.Debug|Any CPU.ActiveCfg = Debug|Any CPU
		{37290DCA-78AA-4F38-BF40-E8124EF7B76E}.Debug|Any CPU.Build.0 = Debug|Any CPU
		{37290DCA-78AA-4F38-BF40-E8124EF7B76E}.Release Api|Any CPU.ActiveCfg = Release|Any CPU
		{37290DCA-78AA-4F38-BF40-E8124EF7B76E}.Release Api|Any CPU.Build.0 = Release|Any CPU
		{37290DCA-78AA-4F38-BF40-E8124EF7B76E}.Release|Any CPU.ActiveCfg = Release|Any CPU
		{37290DCA-78AA-4F38-BF40-E8124EF7B76E}.Release|Any CPU.Build.0 = Release|Any CPU
		{DCD6472F-E39F-42C7-AE60-B9D9E2B386F3}.Debug|Any CPU.ActiveCfg = Debug|Any CPU
		{DCD6472F-E39F-42C7-AE60-B9D9E2B386F3}.Debug|Any CPU.Build.0 = Debug|Any CPU
		{DCD6472F-E39F-42C7-AE60-B9D9E2B386F3}.Release Api|Any CPU.ActiveCfg = Release|Any CPU
		{DCD6472F-E39F-42C7-AE60-B9D9E2B386F3}.Release Api|Any CPU.Build.0 = Release|Any CPU
		{DCD6472F-E39F-42C7-AE60-B9D9E2B386F3}.Release|Any CPU.ActiveCfg = Release|Any CPU
		{DCD6472F-E39F-42C7-AE60-B9D9E2B386F3}.Release|Any CPU.Build.0 = Release|Any CPU
		{D2225B9C-EABA-49A5-AAA4-3B72A8B1B92E}.Debug|Any CPU.ActiveCfg = Debug|Any CPU
		{D2225B9C-EABA-49A5-AAA4-3B72A8B1B92E}.Debug|Any CPU.Build.0 = Debug|Any CPU
		{D2225B9C-EABA-49A5-AAA4-3B72A8B1B92E}.Release Api|Any CPU.ActiveCfg = Release|Any CPU
		{D2225B9C-EABA-49A5-AAA4-3B72A8B1B92E}.Release Api|Any CPU.Build.0 = Release|Any CPU
		{D2225B9C-EABA-49A5-AAA4-3B72A8B1B92E}.Release|Any CPU.ActiveCfg = Release|Any CPU
		{D2225B9C-EABA-49A5-AAA4-3B72A8B1B92E}.Release|Any CPU.Build.0 = Release|Any CPU
	EndGlobalSection
	GlobalSection(SolutionProperties) = preSolution
		HideSolutionNode = FALSE
	EndGlobalSection
	GlobalSection(NestedProjects) = preSolution
		{7D01A897-F7A1-4C28-84B7-B0AD1BE91595} = {737B690C-EEF1-4610-AC1F-5787B7324D7D}
		{E58AC814-3110-478C-BD1B-9D7FF60EAE82} = {57F3BD29-F45E-442D-86B8-351E51C1ED0C}
		{C3FDF253-C087-4663-8AE3-B43E1F050149} = {41DBA594-41D9-491C-AAA8-4C5DC2CB01F1}
		{37290DCA-78AA-4F38-BF40-E8124EF7B76E} = {57F3BD29-F45E-442D-86B8-351E51C1ED0C}
		{DCD6472F-E39F-42C7-AE60-B9D9E2B386F3} = {57F3BD29-F45E-442D-86B8-351E51C1ED0C}
		{D2225B9C-EABA-49A5-AAA4-3B72A8B1B92E} = {41DBA594-41D9-491C-AAA8-4C5DC2CB01F1}
		{41DBA594-41D9-491C-AAA8-4C5DC2CB01F1} = {57F3BD29-F45E-442D-86B8-351E51C1ED0C}
	EndGlobalSection
	GlobalSection(ExtensibilityGlobals) = postSolution
		SolutionGuid = {9276626A-B971-4941-84EC-9CB61A717D60}
	EndGlobalSection
EndGlobal
